
Microsoft Visual Studio Solution File, Format Version 12.00
# Visual Studio Version 17
VisualStudioVersion = 17.4.33213.308
MinimumVisualStudioVersion = 10.0.40219.1
Project("{FAE04EC0-301F-11D3-BF4B-00C04F79EFBC}") = "Entrega vestimenta", "Entrega vestimenta\Entrega vestimenta.csproj", "{66B3C3F1-C3EB-4F13-AB24-3C3F7B2C563E}"
EndProject
Global
	GlobalSection(SolutionConfigurationPlatforms) = preSolution
		Debug|Any CPU = Debug|Any CPU
		Release|Any CPU = Release|Any CPU
	EndGlobalSection
	GlobalSection(ProjectConfigurationPlatforms) = postSolution
		{66B3C3F1-C3EB-4F13-AB24-3C3F7B2C563E}.Debug|Any CPU.ActiveCfg = Debug|Any CPU
		{66B3C3F1-C3EB-4F13-AB24-3C3F7B2C563E}.Debug|Any CPU.Build.0 = Debug|Any CPU
		{66B3C3F1-C3EB-4F13-AB24-3C3F7B2C563E}.Release|Any CPU.ActiveCfg = Release|Any CPU
		{66B3C3F1-C3EB-4F13-AB24-3C3F7B2C563E}.Release|Any CPU.Build.0 = Release|Any CPU
	EndGlobalSection
	GlobalSection(SolutionProperties) = preSolution
		HideSolutionNode = FALSE
	EndGlobalSection
	GlobalSection(ExtensibilityGlobals) = postSolution
		SolutionGuid = {37CF787D-4A96-4A1F-B8A8-1FC26166746C}
	EndGlobalSection
EndGlobal
